// !$*UTF8*$!
{
	archiveVersion = 1;
	classes = {
	};
	objectVersion = 50;
	objects = {

/* Begin PBXBuildFile section */
		EBF93F5626F0B36600134AFD /* AppDelegate.swift in Sources */ = {isa = PBXBuildFile; fileRef = EBF93F5526F0B36600134AFD /* AppDelegate.swift */; };
		EBF93F5826F0B36600134AFD /* ViewController.swift in Sources */ = {isa = PBXBuildFile; fileRef = EBF93F5726F0B36600134AFD /* ViewController.swift */; };
		EBF93F5B26F0B36600134AFD /* Main.storyboard in Resources */ = {isa = PBXBuildFile; fileRef = EBF93F5926F0B36600134AFD /* Main.storyboard */; };
		EBF93F5D26F0B36700134AFD /* Assets.xcassets in Resources */ = {isa = PBXBuildFile; fileRef = EBF93F5C26F0B36700134AFD /* Assets.xcassets */; };
		EBF93F6026F0B36700134AFD /* LaunchScreen.storyboard in Resources */ = {isa = PBXBuildFile; fileRef = EBF93F5E26F0B36700134AFD /* LaunchScreen.storyboard */; };
/* End PBXBuildFile section */

/* Begin PBXFileReference section */
		EBF93F5226F0B36600134AFD /* FB9622412_IncorrectMediaTracks.app */ = {isa = PBXFileReference; explicitFileType = wrapper.application; includeInIndex = 0; path = FB9622412_IncorrectMediaTracks.app; sourceTree = BUILT_PRODUCTS_DIR; };
		EBF93F5526F0B36600134AFD /* AppDelegate.swift */ = {isa = PBXFileReference; lastKnownFileType = sourcecode.swift; path = AppDelegate.swift; sourceTree = "<group>"; };
		EBF93F5726F0B36600134AFD /* ViewController.swift */ = {isa = PBXFileReference; lastKnownFileType = sourcecode.swift; path = ViewController.swift; sourceTree = "<group>"; };
		EBF93F5A26F0B36600134AFD /* Base */ = {isa = PBXFileReference; lastKnownFileType = file.storyboard; name = Base; path = Base.lproj/Main.storyboard; sourceTree = "<group>"; };
		EBF93F5C26F0B36700134AFD /* Assets.xcassets */ = {isa = PBXFileReference; lastKnownFileType = folder.assetcatalog; path = Assets.xcassets; sourceTree = "<group>"; };
		EBF93F5F26F0B36700134AFD /* Base */ = {isa = PBXFileReference; lastKnownFileType = file.storyboard; name = Base; path = Base.lproj/LaunchScreen.storyboard; sourceTree = "<group>"; };
		EBF93F6126F0B36700134AFD /* Info.plist */ = {isa = PBXFileReference; lastKnownFileType = text.plist.xml; path = Info.plist; sourceTree = "<group>"; };
		EBF93F6726F0B98A00134AFD /* README.md */ = {isa = PBXFileReference; fileEncoding = 4; lastKnownFileType = net.daringfireball.markdown; path = README.md; sourceTree = "<group>"; };
/* End PBXFileReference section */

/* Begin PBXFrameworksBuildPhase section */
		EBF93F4F26F0B36600134AFD /* Frameworks */ = {
			isa = PBXFrameworksBuildPhase;
			buildActionMask = 2147483647;
			files = (
			);
			runOnlyForDeploymentPostprocessing = 0;
		};
/* End PBXFrameworksBuildPhase section */

/* Begin PBXGroup section */
		EBF93F4926F0B36600134AFD = {
			isa = PBXGroup;
			children = (
				EBF93F6726F0B98A00134AFD /* README.md */,
				EBF93F5426F0B36600134AFD /* FB9622412_IncorrectMediaTracks */,
				EBF93F5326F0B36600134AFD /* Products */,
			);
			sourceTree = "<group>";
		};
		EBF93F5326F0B36600134AFD /* Products */ = {
			isa = PBXGroup;
			children = (
				EBF93F5226F0B36600134AFD /* FB9622412_IncorrectMediaTracks.app */,
			);
			name = Products;
			sourceTree = "<group>";
		};
		EBF93F5426F0B36600134AFD /* FB9622412_IncorrectMediaTracks */ = {
			isa = PBXGroup;
			children = (
				EBF93F5526F0B36600134AFD /* AppDelegate.swift */,
				EBF93F5726F0B36600134AFD /* ViewController.swift */,
				EBF93F5926F0B36600134AFD /* Main.storyboard */,
				EBF93F5C26F0B36700134AFD /* Assets.xcassets */,
				EBF93F5E26F0B36700134AFD /* LaunchScreen.storyboard */,
				EBF93F6126F0B36700134AFD /* Info.plist */,
			);
			path = FB9622412_IncorrectMediaTracks;
			sourceTree = "<group>";
		};
/* End PBXGroup section */

/* Begin PBXNativeTarget section */
		EBF93F5126F0B36600134AFD /* FB9622412_IncorrectMediaTracks */ = {
			isa = PBXNativeTarget;
			buildConfigurationList = EBF93F6426F0B36700134AFD /* Build configuration list for PBXNativeTarget "FB9622412_IncorrectMediaTracks" */;
			buildPhases = (
				EBF93F4E26F0B36600134AFD /* Sources */,
				EBF93F4F26F0B36600134AFD /* Frameworks */,
				EBF93F5026F0B36600134AFD /* Resources */,
			);
			buildRules = (
			);
			dependencies = (
			);
			name = FB9622412_IncorrectMediaTracks;
			productName = FB9622412_IncorrectMediaTracks;
			productReference = EBF93F5226F0B36600134AFD /* FB9622412_IncorrectMediaTracks.app */;
			productType = "com.apple.product-type.application";
		};
/* End PBXNativeTarget section */

/* Begin PBXProject section */
		EBF93F4A26F0B36600134AFD /* Project object */ = {
			isa = PBXProject;
			attributes = {
				LastSwiftUpdateCheck = 1250;
				LastUpgradeCheck = 1250;
				TargetAttributes = {
					EBF93F5126F0B36600134AFD = {
						CreatedOnToolsVersion = 12.5;
					};
				};
			};
			buildConfigurationList = EBF93F4D26F0B36600134AFD /* Build configuration list for PBXProject "FB9622412_IncorrectMediaTracks" */;
			compatibilityVersion = "Xcode 9.3";
			developmentRegion = en;
			hasScannedForEncodings = 0;
			knownRegions = (
				en,
				Base,
			);
			mainGroup = EBF93F4926F0B36600134AFD;
			productRefGroup = EBF93F5326F0B36600134AFD /* Products */;
			projectDirPath = "";
			projectRoot = "";
			targets = (
				EBF93F5126F0B36600134AFD /* FB9622412_IncorrectMediaTracks */,
			);
		};
/* End PBXProject section */

/* Begin PBXResourcesBuildPhase section */
		EBF93F5026F0B36600134AFD /* Resources */ = {
			isa = PBXResourcesBuildPhase;
			buildActionMask = 2147483647;
			files = (
				EBF93F6026F0B36700134AFD /* LaunchScreen.storyboard in Resources */,
				EBF93F5D26F0B36700134AFD /* Assets.xcassets in Resources */,
				EBF93F5B26F0B36600134AFD /* Main.storyboard in Resources */,
			);
			runOnlyForDeploymentPostprocessing = 0;
		};
/* End PBXResourcesBuildPhase section */

/* Begin PBXSourcesBuildPhase section */
		EBF93F4E26F0B36600134AFD /* Sources */ = {
			isa = PBXSourcesBuildPhase;
			buildActionMask = 2147483647;
			files = (
				EBF93F5826F0B36600134AFD /* ViewController.swift in Sources */,
				EBF93F5626F0B36600134AFD /* AppDelegate.swift in Sources */,
			);
			runOnlyForDeploymentPostprocessing = 0;
		};
/* End PBXSourcesBuildPhase section */

/* Begin PBXVariantGroup section */
		EBF93F5926F0B36600134AFD /* Main.storyboard */ = {
			isa = PBXVariantGroup;
			children = (
				EBF93F5A26F0B36600134AFD /* Base */,
			);
			name = Main.storyboard;
			sourceTree = "<group>";
		};
		EBF93F5E26F0B36700134AFD /* LaunchScreen.storyboard */ = {
			isa = PBXVariantGroup;
			children = (
				EBF93F5F26F0B36700134AFD /* Base */,
			);
			name = LaunchScreen.storyboard;
			sourceTree = "<group>";
		};
/* End PBXVariantGroup section */

/* Begin XCBuildConfiguration section */
		EBF93F6226F0B36700134AFD /* Debug */ = {
			isa = XCBuildConfiguration;
			buildSettings = {
				ALWAYS_SEARCH_USER_PATHS = NO;
				CLANG_ANALYZER_NONNULL = YES;
				CLANG_ANALYZER_NUMBER_OBJECT_CONVERSION = YES_AGGRESSIVE;
				CLANG_CXX_LANGUAGE_STANDARD = "gnu++14";
				CLANG_CXX_LIBRARY = "libc++";
				CLANG_ENABLE_MODULES = YES;
				CLANG_ENABLE_OBJC_ARC = YES;
				CLANG_ENABLE_OBJC_WEAK = YES;
				CLANG_WARN_BLOCK_CAPTURE_AUTORELEASING = YES;
				CLANG_WARN_BOOL_CONVERSION = YES;
				CLANG_WARN_COMMA = YES;
				CLANG_WARN_CONSTANT_CONVERSION = YES;
				CLANG_WARN_DEPRECATED_OBJC_IMPLEMENTATIONS = YES;
				CLANG_WARN_DIRECT_OBJC_ISA_USAGE = YES_ERROR;
				CLANG_WARN_DOCUMENTATION_COMMENTS = YES;
				CLANG_WARN_EMPTY_BODY = YES;
				CLANG_WARN_ENUM_CONVERSION = YES;
				CLANG_WARN_INFINITE_RECURSION = YES;
				CLANG_WARN_INT_CONVERSION = YES;
				CLANG_WARN_NON_LITERAL_NULL_CONVERSION = YES;
				CLANG_WARN_OBJC_IMPLICIT_RETAIN_SELF = YES;
				CLANG_WARN_OBJC_LITERAL_CONVERSION = YES;
				CLANG_WARN_OBJC_ROOT_CLASS = YES_ERROR;
				CLANG_WARN_QUOTED_INCLUDE_IN_FRAMEWORK_HEADER = YES;
				CLANG_WARN_RANGE_LOOP_ANALYSIS = YES;
				CLANG_WARN_STRICT_PROTOTYPES = YES;
				CLANG_WARN_SUSPICIOUS_MOVE = YES;
				CLANG_WARN_UNGUARDED_AVAILABILITY = YES_AGGRESSIVE;
				CLANG_WARN_UNREACHABLE_CODE = YES;
				CLANG_WARN__DUPLICATE_METHOD_MATCH = YES;
				COPY_PHASE_STRIP = NO;
				DEBUG_INFORMATION_FORMAT = dwarf;
				ENABLE_STRICT_OBJC_MSGSEND = YES;
				ENABLE_TESTABILITY = YES;
				GCC_C_LANGUAGE_STANDARD = gnu11;
				GCC_DYNAMIC_NO_PIC = NO;
				GCC_NO_COMMON_BLOCKS = YES;
				GCC_OPTIMIZATION_LEVEL = 0;
				GCC_PREPROCESSOR_DEFINITIONS = (
					"DEBUG=1",
					"$(inherited)",
				);
				GCC_WARN_64_TO_32_BIT_CONVERSION = YES;
				GCC_WARN_ABOUT_RETURN_TYPE = YES_ERROR;
				GCC_WARN_UNDECLARED_SELECTOR = YES;
				GCC_WARN_UNINITIALIZED_AUTOS = YES_AGGRESSIVE;
				GCC_WARN_UNUSED_FUNCTION = YES;
				GCC_WARN_UNUSED_VARIABLE = YES;
				MTL_ENABLE_DEBUG_INFO = INCLUDE_SOURCE;
				MTL_FAST_MATH = YES;
				ONLY_ACTIVE_ARCH = YES;
				SDKROOT = appletvos;
				SWIFT_ACTIVE_COMPILATION_CONDITIONS = DEBUG;
				SWIFT_OPTIMIZATION_LEVEL = "-Onone";
				TVOS_DEPLOYMENT_TARGET = 14.5;
			};
			name = Debug;
		};
		EBF93F6326F0B36700134AFD /* Release */ = {
			isa = XCBuildConfiguration;
			buildSettings = {
				ALWAYS_SEARCH_USER_PATHS = NO;
				CLANG_ANALYZER_NONNULL = YES;
				CLANG_ANALYZER_NUMBER_OBJECT_CONVERSION = YES_AGGRESSIVE;
				CLANG_CXX_LANGUAGE_STANDARD = "gnu++14";
				CLANG_CXX_LIBRARY = "libc++";
				CLANG_ENABLE_MODULES = YES;
				CLANG_ENABLE_OBJC_ARC = YES;
				CLANG_ENABLE_OBJC_WEAK = YES;
				CLANG_WARN_BLOCK_CAPTURE_AUTORELEASING = YES;
				CLANG_WARN_BOOL_CONVERSION = YES;
				CLANG_WARN_COMMA = YES;
				CLANG_WARN_CONSTANT_CONVERSION = YES;
				CLANG_WARN_DEPRECATED_OBJC_IMPLEMENTATIONS = YES;
				CLANG_WARN_DIRECT_OBJC_ISA_USAGE = YES_ERROR;
				CLANG_WARN_DOCUMENTATION_COMMENTS = YES;
				CLANG_WARN_EMPTY_BODY = YES;
				CLANG_WARN_ENUM_CONVERSION = YES;
				CLANG_WARN_INFINITE_RECURSION = YES;
				CLANG_WARN_INT_CONVERSION = YES;
				CLANG_WARN_NON_LITERAL_NULL_CONVERSION = YES;
				CLANG_WARN_OBJC_IMPLICIT_RETAIN_SELF = YES;
				CLANG_WARN_OBJC_LITERAL_CONVERSION = YES;
				CLANG_WARN_OBJC_ROOT_CLASS = YES_ERROR;
				CLANG_WARN_QUOTED_INCLUDE_IN_FRAMEWORK_HEADER = YES;
				CLANG_WARN_RANGE_LOOP_ANALYSIS = YES;
				CLANG_WARN_STRICT_PROTOTYPES = YES;
				CLANG_WARN_SUSPICIOUS_MOVE = YES;
				CLANG_WARN_UNGUARDED_AVAILABILITY = YES_AGGRESSIVE;
				CLANG_WARN_UNREACHABLE_CODE = YES;
				CLANG_WARN__DUPLICATE_METHOD_MATCH = YES;
				COPY_PHASE_STRIP = NO;
				DEBUG_INFORMATION_FORMAT = "dwarf-with-dsym";
				ENABLE_NS_ASSERTIONS = NO;
				ENABLE_STRICT_OBJC_MSGSEND = YES;
				GCC_C_LANGUAGE_STANDARD = gnu11;
				GCC_NO_COMMON_BLOCKS = YES;
				GCC_WARN_64_TO_32_BIT_CONVERSION = YES;
				GCC_WARN_ABOUT_RETURN_TYPE = YES_ERROR;
				GCC_WARN_UNDECLARED_SELECTOR = YES;
				GCC_WARN_UNINITIALIZED_AUTOS = YES_AGGRESSIVE;
				GCC_WARN_UNUSED_FUNCTION = YES;
				GCC_WARN_UNUSED_VARIABLE = YES;
				MTL_ENABLE_DEBUG_INFO = NO;
				MTL_FAST_MATH = YES;
				SDKROOT = appletvos;
				SWIFT_COMPILATION_MODE = wholemodule;
				SWIFT_OPTIMIZATION_LEVEL = "-O";
				TVOS_DEPLOYMENT_TARGET = 14.5;
				VALIDATE_PRODUCT = YES;
			};
			name = Release;
		};
		EBF93F6526F0B36700134AFD /* Debug */ = {
			isa = XCBuildConfiguration;
			buildSettings = {
				ASSETCATALOG_COMPILER_APPICON_NAME = "App Icon & Top Shelf Image";
				ASSETCATALOG_COMPILER_GLOBAL_ACCENT_COLOR_NAME = AccentColor;
				CODE_SIGN_STYLE = Automatic;
				DEVELOPMENT_TEAM = LDZ8HXC699;
				INFOPLIST_FILE = FB9622412_IncorrectMediaTracks/Info.plist;
				LD_RUNPATH_SEARCH_PATHS = (
					"$(inherited)",
					"@executable_path/Frameworks",
				);
				PRODUCT_BUNDLE_IDENTIFIER = "com.cgoldsby.FB9622412-IncorrectMediaTracks";
				PRODUCT_NAME = "$(TARGET_NAME)";
				SWIFT_VERSION = 5.0;
				TARGETED_DEVICE_FAMILY = 3;
			};
			name = Debug;
		};
		EBF93F6626F0B36700134AFD /* Release */ = {
			isa = XCBuildConfiguration;
			buildSettings = {
				ASSETCATALOG_COMPILER_APPICON_NAME = "App Icon & Top Shelf Image";
				ASSETCATALOG_COMPILER_GLOBAL_ACCENT_COLOR_NAME = AccentColor;
				CODE_SIGN_STYLE = Automatic;
				DEVELOPMENT_TEAM = LDZ8HXC699;
				INFOPLIST_FILE = FB9622412_IncorrectMediaTracks/Info.plist;
				LD_RUNPATH_SEARCH_PATHS = (
					"$(inherited)",
					"@executable_path/Frameworks",
				);
				PRODUCT_BUNDLE_IDENTIFIER = "com.cgoldsby.FB9622412-IncorrectMediaTracks";
				PRODUCT_NAME = "$(TARGET_NAME)";
				SWIFT_VERSION = 5.0;
				TARGETED_DEVICE_FAMILY = 3;
			};
			name = Release;
		};
/* End XCBuildConfiguration section */

/* Begin XCConfigurationList section */
		EBF93F4D26F0B36600134AFD /* Build configuration list for PBXProject "FB9622412_IncorrectMediaTracks" */ = {
			isa = XCConfigurationList;
			buildConfigurations = (
				EBF93F6226F0B36700134AFD /* Debug */,
				EBF93F6326F0B36700134AFD /* Release */,
			);
			defaultConfigurationIsVisible = 0;
			defaultConfigurationName = Release;
		};
		EBF93F6426F0B36700134AFD /* Build configuration list for PBXNativeTarget "FB9622412_IncorrectMediaTracks" */ = {
			isa = XCConfigurationList;
			buildConfigurations = (
				EBF93F6526F0B36700134AFD /* Debug */,
				EBF93F6626F0B36700134AFD /* Release */,
			);
			defaultConfigurationIsVisible = 0;
			defaultConfigurationName = Release;
		};
/* End XCConfigurationList section */
	};
	rootObject = EBF93F4A26F0B36600134AFD /* Project object */;
}
